
Microsoft Visual Studio Solution File, Format Version 12.00
# Visual Studio Version 17
VisualStudioVersion = 17.7.34221.43
MinimumVisualStudioVersion = 10.0.40219.1
Project("{9A19103F-16F7-4668-BE54-9A1E7A4F7556}") = "EroMangaManager.WinUI3", "EroMangaManager.WinUI3\EroMangaManager.WinUI3.csproj", "{BF6E9500-AA34-4CB0-8A87-F64917964C01}"
EndProject
Project("{9A19103F-16F7-4668-BE54-9A1E7A4F7556}") = "EroMangaManager.Core", "EroMangaManager.Core\EroMangaManager.Core.csproj", "{2C1086B5-C540-4C04-A70F-D897A3C28E42}"
EndProject
Project("{2150E333-8FDC-42A3-9474-1A3956D46DE8}") = "Solution Items", "Solution Items", "{5D538D18-BDB9-4E6C-9721-E3292D810AA2}"
	ProjectSection(SolutionItems) = preProject
		.editorconfig = .editorconfig
	EndProjectSection
EndProject
Project("{9A19103F-16F7-4668-BE54-9A1E7A4F7556}") = "EroMangaDatabase", "EroMangaDatabase\EroMangaDatabase.csproj", "{7EA3D240-1585-442B-AAD8-4751E286A880}"
EndProject
Project("{9A19103F-16F7-4668-BE54-9A1E7A4F7556}") = "CommonLibrary", "..\MyLibrary\CommonLibrary\CommonLibrary.csproj", "{B39E4A30-2B25-42DA-AC46-26E7D8A351E4}"
EndProject
Project("{FAE04EC0-301F-11D3-BF4B-00C04F79EFBC}") = "CreatMsixBundle", "CreatMsixBundle\CreatMsixBundle.csproj", "{97E014A8-9249-9540-A516-F6AC965DA9F2}"
EndProject
Project("{FAE04EC0-301F-11D3-BF4B-00C04F79EFBC}") = "ConsoleApp1", "ConsoleApp1\ConsoleApp1.csproj", "{5B68813F-23C2-8DF2-1B1F-9033A2893F62}"
EndProject
Global
	GlobalSection(SolutionConfigurationPlatforms) = preSolution
		Debug|Any CPU = Debug|Any CPU
		Debug|ARM64 = Debug|ARM64
		Debug|x64 = Debug|x64
		Debug|x86 = Debug|x86
		Release|Any CPU = Release|Any CPU
		Release|ARM64 = Release|ARM64
		Release|x64 = Release|x64
		Release|x86 = Release|x86
	EndGlobalSection
	GlobalSection(ProjectConfigurationPlatforms) = postSolution
		{BF6E9500-AA34-4CB0-8A87-F64917964C01}.Debug|Any CPU.ActiveCfg = Debug|x64
		{BF6E9500-AA34-4CB0-8A87-F64917964C01}.Debug|Any CPU.Build.0 = Debug|x64
		{BF6E9500-AA34-4CB0-8A87-F64917964C01}.Debug|Any CPU.Deploy.0 = Debug|x64
		{BF6E9500-AA34-4CB0-8A87-F64917964C01}.Debug|ARM64.ActiveCfg = Debug|ARM64
		{BF6E9500-AA34-4CB0-8A87-F64917964C01}.Debug|ARM64.Build.0 = Debug|ARM64
		{BF6E9500-AA34-4CB0-8A87-F64917964C01}.Debug|ARM64.Deploy.0 = Debug|ARM64
		{BF6E9500-AA34-4CB0-8A87-F64917964C01}.Debug|x64.ActiveCfg = Debug|x64
		{BF6E9500-AA34-4CB0-8A87-F64917964C01}.Debug|x64.Build.0 = Debug|x64
		{BF6E9500-AA34-4CB0-8A87-F64917964C01}.Debug|x64.Deploy.0 = Debug|x64
		{BF6E9500-AA34-4CB0-8A87-F64917964C01}.Debug|x86.ActiveCfg = Debug|x86
		{BF6E9500-AA34-4CB0-8A87-F64917964C01}.Debug|x86.Build.0 = Debug|x86
		{BF6E9500-AA34-4CB0-8A87-F64917964C01}.Debug|x86.Deploy.0 = Debug|x86
		{BF6E9500-AA34-4CB0-8A87-F64917964C01}.Release|Any CPU.ActiveCfg = Release|x64
		{BF6E9500-AA34-4CB0-8A87-F64917964C01}.Release|Any CPU.Build.0 = Release|x64
		{BF6E9500-AA34-4CB0-8A87-F64917964C01}.Release|Any CPU.Deploy.0 = Release|x64
		{BF6E9500-AA34-4CB0-8A87-F64917964C01}.Release|ARM64.ActiveCfg = Release|ARM64
		{BF6E9500-AA34-4CB0-8A87-F64917964C01}.Release|ARM64.Build.0 = Release|ARM64
		{BF6E9500-AA34-4CB0-8A87-F64917964C01}.Release|ARM64.Deploy.0 = Release|ARM64
		{BF6E9500-AA34-4CB0-8A87-F64917964C01}.Release|x64.ActiveCfg = Release|x64
		{BF6E9500-AA34-4CB0-8A87-F64917964C01}.Release|x64.Build.0 = Release|x64
		{BF6E9500-AA34-4CB0-8A87-F64917964C01}.Release|x64.Deploy.0 = Release|x64
		{BF6E9500-AA34-4CB0-8A87-F64917964C01}.Release|x86.ActiveCfg = Release|x86
		{BF6E9500-AA34-4CB0-8A87-F64917964C01}.Release|x86.Build.0 = Release|x86
		{BF6E9500-AA34-4CB0-8A87-F64917964C01}.Release|x86.Deploy.0 = Release|x86
		{2C1086B5-C540-4C04-A70F-D897A3C28E42}.Debug|Any CPU.ActiveCfg = Debug|Any CPU
		{2C1086B5-C540-4C04-A70F-D897A3C28E42}.Debug|Any CPU.Build.0 = Debug|Any CPU
		{2C1086B5-C540-4C04-A70F-D897A3C28E42}.Debug|ARM64.ActiveCfg = Debug|Any CPU
		{2C1086B5-C540-4C04-A70F-D897A3C28E42}.Debug|ARM64.Build.0 = Debug|Any CPU
		{2C1086B5-C540-4C04-A70F-D897A3C28E42}.Debug|x64.ActiveCfg = Debug|Any CPU
		{2C1086B5-C540-4C04-A70F-D897A3C28E42}.Debug|x64.Build.0 = Debug|Any CPU
		{2C1086B5-C540-4C04-A70F-D897A3C28E42}.Debug|x86.ActiveCfg = Debug|Any CPU
		{2C1086B5-C540-4C04-A70F-D897A3C28E42}.Debug|x86.Build.0 = Debug|Any CPU
		{2C1086B5-C540-4C04-A70F-D897A3C28E42}.Release|Any CPU.ActiveCfg = Release|Any CPU
		{2C1086B5-C540-4C04-A70F-D897A3C28E42}.Release|Any CPU.Build.0 = Release|Any CPU
		{2C1086B5-C540-4C04-A70F-D897A3C28E42}.Release|ARM64.ActiveCfg = Release|Any CPU
		{2C1086B5-C540-4C04-A70F-D897A3C28E42}.Release|ARM64.Build.0 = Release|Any CPU
		{2C1086B5-C540-4C04-A70F-D897A3C28E42}.Release|x64.ActiveCfg = Release|Any CPU
		{2C1086B5-C540-4C04-A70F-D897A3C28E42}.Release|x64.Build.0 = Release|Any CPU
		{2C1086B5-C540-4C04-A70F-D897A3C28E42}.Release|x86.ActiveCfg = Release|Any CPU
		{2C1086B5-C540-4C04-A70F-D897A3C28E42}.Release|x86.Build.0 = Release|Any CPU
		{7EA3D240-1585-442B-AAD8-4751E286A880}.Debug|Any CPU.ActiveCfg = Debug|Any CPU
		{7EA3D240-1585-442B-AAD8-4751E286A880}.Debug|Any CPU.Build.0 = Debug|Any CPU
		{7EA3D240-1585-442B-AAD8-4751E286A880}.Debug|ARM64.ActiveCfg = Debug|Any CPU
		{7EA3D240-1585-442B-AAD8-4751E286A880}.Debug|ARM64.Build.0 = Debug|Any CPU
		{7EA3D240-1585-442B-AAD8-4751E286A880}.Debug|x64.ActiveCfg = Debug|Any CPU
		{7EA3D240-1585-442B-AAD8-4751E286A880}.Debug|x64.Build.0 = Debug|Any CPU
		{7EA3D240-1585-442B-AAD8-4751E286A880}.Debug|x86.ActiveCfg = Debug|Any CPU
		{7EA3D240-1585-442B-AAD8-4751E286A880}.Debug|x86.Build.0 = Debug|Any CPU
		{7EA3D240-1585-442B-AAD8-4751E286A880}.Release|Any CPU.ActiveCfg = Release|Any CPU
		{7EA3D240-1585-442B-AAD8-4751E286A880}.Release|Any CPU.Build.0 = Release|Any CPU
		{7EA3D240-1585-442B-AAD8-4751E286A880}.Release|ARM64.ActiveCfg = Release|Any CPU
		{7EA3D240-1585-442B-AAD8-4751E286A880}.Release|ARM64.Build.0 = Release|Any CPU
		{7EA3D240-1585-442B-AAD8-4751E286A880}.Release|x64.ActiveCfg = Release|Any CPU
		{7EA3D240-1585-442B-AAD8-4751E286A880}.Release|x64.Build.0 = Release|Any CPU
		{7EA3D240-1585-442B-AAD8-4751E286A880}.Release|x86.ActiveCfg = Release|Any CPU
		{7EA3D240-1585-442B-AAD8-4751E286A880}.Release|x86.Build.0 = Release|Any CPU
		{B39E4A30-2B25-42DA-AC46-26E7D8A351E4}.Debug|Any CPU.ActiveCfg = Debug|Any CPU
		{B39E4A30-2B25-42DA-AC46-26E7D8A351E4}.Debug|Any CPU.Build.0 = Debug|Any CPU
		{B39E4A30-2B25-42DA-AC46-26E7D8A351E4}.Debug|ARM64.ActiveCfg = Debug|Any CPU
		{B39E4A30-2B25-42DA-AC46-26E7D8A351E4}.Debug|ARM64.Build.0 = Debug|Any CPU
		{B39E4A30-2B25-42DA-AC46-26E7D8A351E4}.Debug|x64.ActiveCfg = Debug|Any CPU
		{B39E4A30-2B25-42DA-AC46-26E7D8A351E4}.Debug|x64.Build.0 = Debug|Any CPU
		{B39E4A30-2B25-42DA-AC46-26E7D8A351E4}.Debug|x86.ActiveCfg = Debug|Any CPU
		{B39E4A30-2B25-42DA-AC46-26E7D8A351E4}.Debug|x86.Build.0 = Debug|Any CPU
		{B39E4A30-2B25-42DA-AC46-26E7D8A351E4}.Release|Any CPU.ActiveCfg = Release|Any CPU
		{B39E4A30-2B25-42DA-AC46-26E7D8A351E4}.Release|Any CPU.Build.0 = Release|Any CPU
		{B39E4A30-2B25-42DA-AC46-26E7D8A351E4}.Release|ARM64.ActiveCfg = Release|Any CPU
		{B39E4A30-2B25-42DA-AC46-26E7D8A351E4}.Release|ARM64.Build.0 = Release|Any CPU
		{B39E4A30-2B25-42DA-AC46-26E7D8A351E4}.Release|x64.ActiveCfg = Release|Any CPU
		{B39E4A30-2B25-42DA-AC46-26E7D8A351E4}.Release|x64.Build.0 = Release|Any CPU
		{B39E4A30-2B25-42DA-AC46-26E7D8A351E4}.Release|x86.ActiveCfg = Release|Any CPU
		{B39E4A30-2B25-42DA-AC46-26E7D8A351E4}.Release|x86.Build.0 = Release|Any CPU
		{97E014A8-9249-9540-A516-F6AC965DA9F2}.Debug|Any CPU.ActiveCfg = Debug|Any CPU
		{97E014A8-9249-9540-A516-F6AC965DA9F2}.Debug|Any CPU.Build.0 = Debug|Any CPU
		{97E014A8-9249-9540-A516-F6AC965DA9F2}.Debug|ARM64.ActiveCfg = Debug|Any CPU
		{97E014A8-9249-9540-A516-F6AC965DA9F2}.Debug|ARM64.Build.0 = Debug|Any CPU
		{97E014A8-9249-9540-A516-F6AC965DA9F2}.Debug|x64.ActiveCfg = Debug|Any CPU
		{97E014A8-9249-9540-A516-F6AC965DA9F2}.Debug|x64.Build.0 = Debug|Any CPU
		{97E014A8-9249-9540-A516-F6AC965DA9F2}.Debug|x86.ActiveCfg = Debug|Any CPU
		{97E014A8-9249-9540-A516-F6AC965DA9F2}.Debug|x86.Build.0 = Debug|Any CPU
		{97E014A8-9249-9540-A516-F6AC965DA9F2}.Release|Any CPU.ActiveCfg = Release|Any CPU
		{97E014A8-9249-9540-A516-F6AC965DA9F2}.Release|Any CPU.Build.0 = Release|Any CPU
		{97E014A8-9249-9540-A516-F6AC965DA9F2}.Release|ARM64.ActiveCfg = Release|Any CPU
		{97E014A8-9249-9540-A516-F6AC965DA9F2}.Release|ARM64.Build.0 = Release|Any CPU
		{97E014A8-9249-9540-A516-F6AC965DA9F2}.Release|x64.ActiveCfg = Release|Any CPU
		{97E014A8-9249-9540-A516-F6AC965DA9F2}.Release|x64.Build.0 = Release|Any CPU
		{97E014A8-9249-9540-A516-F6AC965DA9F2}.Release|x86.ActiveCfg = Release|Any CPU
		{97E014A8-9249-9540-A516-F6AC965DA9F2}.Release|x86.Build.0 = Release|Any CPU
		{5B68813F-23C2-8DF2-1B1F-9033A2893F62}.Debug|Any CPU.ActiveCfg = Debug|Any CPU
		{5B68813F-23C2-8DF2-1B1F-9033A2893F62}.Debug|Any CPU.Build.0 = Debug|Any CPU
		{5B68813F-23C2-8DF2-1B1F-9033A2893F62}.Debug|ARM64.ActiveCfg = Debug|Any CPU
		{5B68813F-23C2-8DF2-1B1F-9033A2893F62}.Debug|ARM64.Build.0 = Debug|Any CPU
		{5B68813F-23C2-8DF2-1B1F-9033A2893F62}.Debug|x64.ActiveCfg = Debug|Any CPU
		{5B68813F-23C2-8DF2-1B1F-9033A2893F62}.Debug|x64.Build.0 = Debug|Any CPU
		{5B68813F-23C2-8DF2-1B1F-9033A2893F62}.Debug|x86.ActiveCfg = Debug|Any CPU
		{5B68813F-23C2-8DF2-1B1F-9033A2893F62}.Debug|x86.Build.0 = Debug|Any CPU
		{5B68813F-23C2-8DF2-1B1F-9033A2893F62}.Release|Any CPU.ActiveCfg = Release|Any CPU
		{5B68813F-23C2-8DF2-1B1F-9033A2893F62}.Release|Any CPU.Build.0 = Release|Any CPU
		{5B68813F-23C2-8DF2-1B1F-9033A2893F62}.Release|ARM64.ActiveCfg = Release|Any CPU
		{5B68813F-23C2-8DF2-1B1F-9033A2893F62}.Release|ARM64.Build.0 = Release|Any CPU
		{5B68813F-23C2-8DF2-1B1F-9033A2893F62}.Release|x64.ActiveCfg = Release|Any CPU
		{5B68813F-23C2-8DF2-1B1F-9033A2893F62}.Release|x64.Build.0 = Release|Any CPU
		{5B68813F-23C2-8DF2-1B1F-9033A2893F62}.Release|x86.ActiveCfg = Release|Any CPU
		{5B68813F-23C2-8DF2-1B1F-9033A2893F62}.Release|x86.Build.0 = Release|Any CPU
	EndGlobalSection
	GlobalSection(SolutionProperties) = preSolution
		HideSolutionNode = FALSE
	EndGlobalSection
	GlobalSection(ExtensibilityGlobals) = postSolution
		SolutionGuid = {A1A4E21D-A77C-4A0E-AB9D-C36F3BDF0D4F}
	EndGlobalSection
EndGlobal
